
Microsoft Visual Studio Solution File, Format Version 12.00
# Visual Studio Version 17
VisualStudioVersion = 17.1.32210.238
MinimumVisualStudioVersion = 10.0.40219.1
Project("{FAE04EC0-301F-11D3-BF4B-00C04F79EFBC}") = "InterfacesProject", "InterfacesProject\InterfacesProject.csproj", "{65313ACD-7245-4EBE-86D7-7FE2F14BEE53}"
EndProject
Global
	GlobalSection(SolutionConfigurationPlatforms) = preSolution
		Debug|Any CPU = Debug|Any CPU
		Release|Any CPU = Release|Any CPU
	EndGlobalSection
	GlobalSection(ProjectConfigurationPlatforms) = postSolution
		{65313ACD-7245-4EBE-86D7-7FE2F14BEE53}.Debug|Any CPU.ActiveCfg = Debug|Any CPU
		{65313ACD-7245-4EBE-86D7-7FE2F14BEE53}.Debug|Any CPU.Build.0 = Debug|Any CPU
		{65313ACD-7245-4EBE-86D7-7FE2F14BEE53}.Release|Any CPU.ActiveCfg = Release|Any CPU
		{65313ACD-7245-4EBE-86D7-7FE2F14BEE53}.Release|Any CPU.Build.0 = Release|Any CPU
	EndGlobalSection
	GlobalSection(SolutionProperties) = preSolution
		HideSolutionNode = FALSE
	EndGlobalSection
	GlobalSection(ExtensibilityGlobals) = postSolution
		SolutionGuid = {C7276D06-A978-47B4-B681-B04ED224BD55}
	EndGlobalSection
EndGlobal
